
Microsoft Visual Studio Solution File, Format Version 12.00
# Visual Studio 14
VisualStudioVersion = 14.0.24720.0
MinimumVisualStudioVersion = 10.0.40219.1
Project("{FAE04EC0-301F-11D3-BF4B-00C04F79EFBC}") = "NewInCS6", "NewInCS6\NewInCS6.csproj", "{83D7C57A-509D-4773-AC4E-786A914DE84B}"
EndProject
Project("{FAE04EC0-301F-11D3-BF4B-00C04F79EFBC}") = "ValueOrRefType", "ValueOrRefType\ValueOrRefType.csproj", "{FE8C7C14-F700-46FB-8522-E36D9D55F0A5}"
EndProject
Project("{FAE04EC0-301F-11D3-BF4B-00C04F79EFBC}") = "NumericTypes", "NumericTypes\NumericTypes.csproj", "{B3A38957-707B-440B-A092-285B7DDE209A}"
EndProject
Project("{FAE04EC0-301F-11D3-BF4B-00C04F79EFBC}") = "Project.Namespaces", "Project.Namespaces\Project.Namespaces.csproj", "{0C897758-99C1-49A2-B9AF-26952B04C3C7}"
EndProject
Project("{2150E333-8FDC-42A3-9474-1A3956D46DE8}") = "Namespaces", "Namespaces", "{A2CE3620-2DF2-4139-A03B-D833211339EE}"
EndProject
Project("{FAE04EC0-301F-11D3-BF4B-00C04F79EFBC}") = "ClassLibrary1", "ClassLibrary1\ClassLibrary1.csproj", "{D6BD8E63-F9FA-4E41-B1E2-F486A0C2CC54}"
EndProject
Project("{FAE04EC0-301F-11D3-BF4B-00C04F79EFBC}") = "ClassLibrary2", "ClassLibrary2\ClassLibrary2.csproj", "{BED222CD-D0AF-4B24-A3BF-C0E0D3098EC1}"
EndProject
Project("{FAE04EC0-301F-11D3-BF4B-00C04F79EFBC}") = "SystemTypes", "SystemTypes\SystemTypes.csproj", "{4E7B0A18-830A-4CA9-AC90-24DFD718E67F}"
EndProject
Project("{FAE04EC0-301F-11D3-BF4B-00C04F79EFBC}") = "Generics", "Generics\Generics.csproj", "{B6ABBC7E-6CC7-40EB-818B-13E8507A3055}"
EndProject
Project("{FAE04EC0-301F-11D3-BF4B-00C04F79EFBC}") = "Variance", "Variance\Variance.csproj", "{85F0D258-DE2C-4D05-9978-86A95FD701F3}"
EndProject
Project("{FAE04EC0-301F-11D3-BF4B-00C04F79EFBC}") = "Delegates", "Delegates\Delegates.csproj", "{5E51BD3D-ECE4-4235-B308-3634AC741246}"
EndProject
Project("{FAE04EC0-301F-11D3-BF4B-00C04F79EFBC}") = "Events", "Events\Events.csproj", "{38744A9A-7D11-452A-8265-EB48DADA9209}"
EndProject
Project("{FAE04EC0-301F-11D3-BF4B-00C04F79EFBC}") = "LambdaExpressions", "LambdaExpressions\LambdaExpressions.csproj", "{43C4B978-C988-4E57-AB25-D31E55C7F0F6}"
EndProject
Project("{FAE04EC0-301F-11D3-BF4B-00C04F79EFBC}") = "EnumAndIterators", "EnumAndIterators\EnumAndIterators.csproj", "{49F54989-B566-40B0-9796-CC04A81C2932}"
EndProject
Project("{FAE04EC0-301F-11D3-BF4B-00C04F79EFBC}") = "OperatorOverloading", "OperatorOverloading\OperatorOverloading.csproj", "{716007B4-8467-41A4-BB6E-2464B9C0BB1E}"
EndProject
Project("{FAE04EC0-301F-11D3-BF4B-00C04F79EFBC}") = "ExtensionMethods", "ExtensionMethods\ExtensionMethods.csproj", "{FDF208D0-029C-4F7F-84C7-537DD85E0CEC}"
EndProject
Project("{FAE04EC0-301F-11D3-BF4B-00C04F79EFBC}") = "CallerInfoAttributes", "CallerInfoAttributes\CallerInfoAttributes.csproj", "{D1F71686-EBF9-4D0E-BFD0-8DA185FFE98D}"
EndProject
Global
	GlobalSection(SolutionConfigurationPlatforms) = preSolution
		Debug|Any CPU = Debug|Any CPU
		Release|Any CPU = Release|Any CPU
	EndGlobalSection
	GlobalSection(ProjectConfigurationPlatforms) = postSolution
		{83D7C57A-509D-4773-AC4E-786A914DE84B}.Debug|Any CPU.ActiveCfg = Debug|Any CPU
		{83D7C57A-509D-4773-AC4E-786A914DE84B}.Debug|Any CPU.Build.0 = Debug|Any CPU
		{83D7C57A-509D-4773-AC4E-786A914DE84B}.Release|Any CPU.ActiveCfg = Release|Any CPU
		{83D7C57A-509D-4773-AC4E-786A914DE84B}.Release|Any CPU.Build.0 = Release|Any CPU
		{FE8C7C14-F700-46FB-8522-E36D9D55F0A5}.Debug|Any CPU.ActiveCfg = Debug|Any CPU
		{FE8C7C14-F700-46FB-8522-E36D9D55F0A5}.Debug|Any CPU.Build.0 = Debug|Any CPU
		{FE8C7C14-F700-46FB-8522-E36D9D55F0A5}.Release|Any CPU.ActiveCfg = Release|Any CPU
		{FE8C7C14-F700-46FB-8522-E36D9D55F0A5}.Release|Any CPU.Build.0 = Release|Any CPU
		{B3A38957-707B-440B-A092-285B7DDE209A}.Debug|Any CPU.ActiveCfg = Debug|Any CPU
		{B3A38957-707B-440B-A092-285B7DDE209A}.Debug|Any CPU.Build.0 = Debug|Any CPU
		{B3A38957-707B-440B-A092-285B7DDE209A}.Release|Any CPU.ActiveCfg = Release|Any CPU
		{B3A38957-707B-440B-A092-285B7DDE209A}.Release|Any CPU.Build.0 = Release|Any CPU
		{0C897758-99C1-49A2-B9AF-26952B04C3C7}.Debug|Any CPU.ActiveCfg = Debug|Any CPU
		{0C897758-99C1-49A2-B9AF-26952B04C3C7}.Debug|Any CPU.Build.0 = Debug|Any CPU
		{0C897758-99C1-49A2-B9AF-26952B04C3C7}.Release|Any CPU.ActiveCfg = Release|Any CPU
		{0C897758-99C1-49A2-B9AF-26952B04C3C7}.Release|Any CPU.Build.0 = Release|Any CPU
		{D6BD8E63-F9FA-4E41-B1E2-F486A0C2CC54}.Debug|Any CPU.ActiveCfg = Debug|Any CPU
		{D6BD8E63-F9FA-4E41-B1E2-F486A0C2CC54}.Debug|Any CPU.Build.0 = Debug|Any CPU
		{D6BD8E63-F9FA-4E41-B1E2-F486A0C2CC54}.Release|Any CPU.ActiveCfg = Release|Any CPU
		{D6BD8E63-F9FA-4E41-B1E2-F486A0C2CC54}.Release|Any CPU.Build.0 = Release|Any CPU
		{BED222CD-D0AF-4B24-A3BF-C0E0D3098EC1}.Debug|Any CPU.ActiveCfg = Debug|Any CPU
		{BED222CD-D0AF-4B24-A3BF-C0E0D3098EC1}.Debug|Any CPU.Build.0 = Debug|Any CPU
		{BED222CD-D0AF-4B24-A3BF-C0E0D3098EC1}.Release|Any CPU.ActiveCfg = Release|Any CPU
		{BED222CD-D0AF-4B24-A3BF-C0E0D3098EC1}.Release|Any CPU.Build.0 = Release|Any CPU
		{4E7B0A18-830A-4CA9-AC90-24DFD718E67F}.Debug|Any CPU.ActiveCfg = Debug|Any CPU
		{4E7B0A18-830A-4CA9-AC90-24DFD718E67F}.Debug|Any CPU.Build.0 = Debug|Any CPU
		{4E7B0A18-830A-4CA9-AC90-24DFD718E67F}.Release|Any CPU.ActiveCfg = Release|Any CPU
		{4E7B0A18-830A-4CA9-AC90-24DFD718E67F}.Release|Any CPU.Build.0 = Release|Any CPU
		{B6ABBC7E-6CC7-40EB-818B-13E8507A3055}.Debug|Any CPU.ActiveCfg = Debug|Any CPU
		{B6ABBC7E-6CC7-40EB-818B-13E8507A3055}.Debug|Any CPU.Build.0 = Debug|Any CPU
		{B6ABBC7E-6CC7-40EB-818B-13E8507A3055}.Release|Any CPU.ActiveCfg = Release|Any CPU
		{B6ABBC7E-6CC7-40EB-818B-13E8507A3055}.Release|Any CPU.Build.0 = Release|Any CPU
		{85F0D258-DE2C-4D05-9978-86A95FD701F3}.Debug|Any CPU.ActiveCfg = Debug|Any CPU
		{85F0D258-DE2C-4D05-9978-86A95FD701F3}.Debug|Any CPU.Build.0 = Debug|Any CPU
		{85F0D258-DE2C-4D05-9978-86A95FD701F3}.Release|Any CPU.ActiveCfg = Release|Any CPU
		{85F0D258-DE2C-4D05-9978-86A95FD701F3}.Release|Any CPU.Build.0 = Release|Any CPU
		{5E51BD3D-ECE4-4235-B308-3634AC741246}.Debug|Any CPU.ActiveCfg = Debug|Any CPU
		{5E51BD3D-ECE4-4235-B308-3634AC741246}.Debug|Any CPU.Build.0 = Debug|Any CPU
		{5E51BD3D-ECE4-4235-B308-3634AC741246}.Release|Any CPU.ActiveCfg = Release|Any CPU
		{5E51BD3D-ECE4-4235-B308-3634AC741246}.Release|Any CPU.Build.0 = Release|Any CPU
		{38744A9A-7D11-452A-8265-EB48DADA9209}.Debug|Any CPU.ActiveCfg = Debug|Any CPU
		{38744A9A-7D11-452A-8265-EB48DADA9209}.Debug|Any CPU.Build.0 = Debug|Any CPU
		{38744A9A-7D11-452A-8265-EB48DADA9209}.Release|Any CPU.ActiveCfg = Release|Any CPU
		{38744A9A-7D11-452A-8265-EB48DADA9209}.Release|Any CPU.Build.0 = Release|Any CPU
		{43C4B978-C988-4E57-AB25-D31E55C7F0F6}.Debug|Any CPU.ActiveCfg = Debug|Any CPU
		{43C4B978-C988-4E57-AB25-D31E55C7F0F6}.Debug|Any CPU.Build.0 = Debug|Any CPU
		{43C4B978-C988-4E57-AB25-D31E55C7F0F6}.Release|Any CPU.ActiveCfg = Release|Any CPU
		{43C4B978-C988-4E57-AB25-D31E55C7F0F6}.Release|Any CPU.Build.0 = Release|Any CPU
		{49F54989-B566-40B0-9796-CC04A81C2932}.Debug|Any CPU.ActiveCfg = Debug|Any CPU
		{49F54989-B566-40B0-9796-CC04A81C2932}.Debug|Any CPU.Build.0 = Debug|Any CPU
		{49F54989-B566-40B0-9796-CC04A81C2932}.Release|Any CPU.ActiveCfg = Release|Any CPU
		{49F54989-B566-40B0-9796-CC04A81C2932}.Release|Any CPU.Build.0 = Release|Any CPU
		{716007B4-8467-41A4-BB6E-2464B9C0BB1E}.Debug|Any CPU.ActiveCfg = Debug|Any CPU
		{716007B4-8467-41A4-BB6E-2464B9C0BB1E}.Debug|Any CPU.Build.0 = Debug|Any CPU
		{716007B4-8467-41A4-BB6E-2464B9C0BB1E}.Release|Any CPU.ActiveCfg = Release|Any CPU
		{716007B4-8467-41A4-BB6E-2464B9C0BB1E}.Release|Any CPU.Build.0 = Release|Any CPU
		{FDF208D0-029C-4F7F-84C7-537DD85E0CEC}.Debug|Any CPU.ActiveCfg = Debug|Any CPU
		{FDF208D0-029C-4F7F-84C7-537DD85E0CEC}.Debug|Any CPU.Build.0 = Debug|Any CPU
		{FDF208D0-029C-4F7F-84C7-537DD85E0CEC}.Release|Any CPU.ActiveCfg = Release|Any CPU
		{FDF208D0-029C-4F7F-84C7-537DD85E0CEC}.Release|Any CPU.Build.0 = Release|Any CPU
		{D1F71686-EBF9-4D0E-BFD0-8DA185FFE98D}.Debug|Any CPU.ActiveCfg = Debug|Any CPU
		{D1F71686-EBF9-4D0E-BFD0-8DA185FFE98D}.Debug|Any CPU.Build.0 = Debug|Any CPU
		{D1F71686-EBF9-4D0E-BFD0-8DA185FFE98D}.Release|Any CPU.ActiveCfg = Release|Any CPU
		{D1F71686-EBF9-4D0E-BFD0-8DA185FFE98D}.Release|Any CPU.Build.0 = Release|Any CPU
	EndGlobalSection
	GlobalSection(SolutionProperties) = preSolution
		HideSolutionNode = FALSE
	EndGlobalSection
	GlobalSection(NestedProjects) = preSolution
		{0C897758-99C1-49A2-B9AF-26952B04C3C7} = {A2CE3620-2DF2-4139-A03B-D833211339EE}
		{D6BD8E63-F9FA-4E41-B1E2-F486A0C2CC54} = {A2CE3620-2DF2-4139-A03B-D833211339EE}
		{BED222CD-D0AF-4B24-A3BF-C0E0D3098EC1} = {A2CE3620-2DF2-4139-A03B-D833211339EE}
	EndGlobalSection
EndGlobal
