
Microsoft Visual Studio Solution File, Format Version 12.00
# Visual Studio 14
VisualStudioVersion = 14.0.24720.0
MinimumVisualStudioVersion = 10.0.40219.1
Project("{FAE04EC0-301F-11D3-BF4B-00C04F79EFBC}") = "NewInCS6", "NewInCS6\NewInCS6.csproj", "{83D7C57A-509D-4773-AC4E-786A914DE84B}"
EndProject
Project("{FAE04EC0-301F-11D3-BF4B-00C04F79EFBC}") = "ValueOrRefType", "ValueOrRefType\ValueOrRefType.csproj", "{FE8C7C14-F700-46FB-8522-E36D9D55F0A5}"
EndProject
Project("{FAE04EC0-301F-11D3-BF4B-00C04F79EFBC}") = "NumericTypes", "NumericTypes\NumericTypes.csproj", "{B3A38957-707B-440B-A092-285B7DDE209A}"
EndProject
Project("{FAE04EC0-301F-11D3-BF4B-00C04F79EFBC}") = "Project.Namespaces", "Project.Namespaces\Project.Namespaces.csproj", "{0C897758-99C1-49A2-B9AF-26952B04C3C7}"
EndProject
Project("{2150E333-8FDC-42A3-9474-1A3956D46DE8}") = "Namespaces", "Namespaces", "{A2CE3620-2DF2-4139-A03B-D833211339EE}"
EndProject
Project("{FAE04EC0-301F-11D3-BF4B-00C04F79EFBC}") = "ClassLibrary1", "ClassLibrary1\ClassLibrary1.csproj", "{D6BD8E63-F9FA-4E41-B1E2-F486A0C2CC54}"
EndProject
Project("{FAE04EC0-301F-11D3-BF4B-00C04F79EFBC}") = "ClassLibrary2", "ClassLibrary2\ClassLibrary2.csproj", "{BED222CD-D0AF-4B24-A3BF-C0E0D3098EC1}"
EndProject
Project("{FAE04EC0-301F-11D3-BF4B-00C04F79EFBC}") = "SystemTypes", "SystemTypes\SystemTypes.csproj", "{4E7B0A18-830A-4CA9-AC90-24DFD718E67F}"
EndProject
Project("{FAE04EC0-301F-11D3-BF4B-00C04F79EFBC}") = "Generics", "Generics\Generics.csproj", "{B6ABBC7E-6CC7-40EB-818B-13E8507A3055}"
EndProject
Project("{FAE04EC0-301F-11D3-BF4B-00C04F79EFBC}") = "Variance", "Variance\Variance.csproj", "{85F0D258-DE2C-4D05-9978-86A95FD701F3}"
EndProject
Project("{FAE04EC0-301F-11D3-BF4B-00C04F79EFBC}") = "Delegates", "Delegates\Delegates.csproj", "{5E51BD3D-ECE4-4235-B308-3634AC741246}"
EndProject
Project("{FAE04EC0-301F-11D3-BF4B-00C04F79EFBC}") = "Events", "Events\Events.csproj", "{38744A9A-7D11-452A-8265-EB48DADA9209}"
EndProject
Project("{FAE04EC0-301F-11D3-BF4B-00C04F79EFBC}") = "LambdaExpressions", "LambdaExpressions\LambdaExpressions.csproj", "{43C4B978-C988-4E57-AB25-D31E55C7F0F6}"
EndProject
Project("{FAE04EC0-301F-11D3-BF4B-00C04F79EFBC}") = "EnumAndIterators", "EnumAndIterators\EnumAndIterators.csproj", "{49F54989-B566-40B0-9796-CC04A81C2932}"
EndProject
Project("{FAE04EC0-301F-11D3-BF4B-00C04F79EFBC}") = "OperatorOverloading", "OperatorOverloading\OperatorOverloading.csproj", "{716007B4-8467-41A4-BB6E-2464B9C0BB1E}"
EndProject
Project("{FAE04EC0-301F-11D3-BF4B-00C04F79EFBC}") = "ExtensionMethods", "ExtensionMethods\ExtensionMethods.csproj", "{FDF208D0-029C-4F7F-84C7-537DD85E0CEC}"
EndProject
Project("{FAE04EC0-301F-11D3-BF4B-00C04F79EFBC}") = "CallerInfoAttributes", "CallerInfoAttributes\CallerInfoAttributes.csproj", "{D1F71686-EBF9-4D0E-BFD0-8DA185FFE98D}"
EndProject
Project("{FAE04EC0-301F-11D3-BF4B-00C04F79EFBC}") = "DateAndTime", "DateAndTime\DateAndTime.csproj", "{0B787A78-4487-4308-AC87-661D9A39287B}"
EndProject
Project("{FAE04EC0-301F-11D3-BF4B-00C04F79EFBC}") = "Parsing", "Parsing\Parsing.csproj", "{0ED2877E-6BF9-4DC8-9C48-4E50222BD783}"
EndProject
Project("{2150E333-8FDC-42A3-9474-1A3956D46DE8}") = "Internationalization", "Internationalization", "{70E47767-78C4-43E5-B4E5-C0B93A682C09}"
EndProject
Project("{FAE04EC0-301F-11D3-BF4B-00C04F79EFBC}") = "Collections", "Collections\Collections.csproj", "{90569BEC-F843-4D4E-A3AE-08035768E4C9}"
EndProject
Project("{2150E333-8FDC-42A3-9474-1A3956D46DE8}") = "LINQ", "LINQ", "{DB6D8B27-F125-4DFC-9C24-222EB102428D}"
EndProject
Project("{FAE04EC0-301F-11D3-BF4B-00C04F79EFBC}") = "BasicLINQ", "BasicLINQ\BasicLINQ.csproj", "{CADF6A9A-30C3-4FDF-B291-3D43C9C48907}"
EndProject
Project("{FAE04EC0-301F-11D3-BF4B-00C04F79EFBC}") = "DAL.L2S.Nutshell", "DAL.L2S.Nutshell\DAL.L2S.Nutshell.csproj", "{224E8BEA-7198-4022-985A-E4F317D44E6C}"
EndProject
Project("{FAE04EC0-301F-11D3-BF4B-00C04F79EFBC}") = "L2Test", "L2Test\L2Test.csproj", "{B2917043-E868-4CB4-81B8-C52E7A342DC4}"
EndProject
Project("{FAE04EC0-301F-11D3-BF4B-00C04F79EFBC}") = "Operators", "Operators\Operators.csproj", "{3E20D9EF-5449-469F-98FB-3B712C228781}"
EndProject
Project("{2150E333-8FDC-42A3-9474-1A3956D46DE8}") = "XML", "XML", "{47E73C81-AAFD-4BA0-88E5-25B9FCDEDFBC}"
EndProject
Project("{FAE04EC0-301F-11D3-BF4B-00C04F79EFBC}") = "XDom1", "XDom1\XDom1.csproj", "{21F46176-841B-4310-9616-8537B5F3B2F2}"
EndProject
Project("{FAE04EC0-301F-11D3-BF4B-00C04F79EFBC}") = "Projecting", "Projecting\Projecting.csproj", "{EFE22D85-C380-4787-BD98-395E7953A37F}"
EndProject
Project("{FAE04EC0-301F-11D3-BF4B-00C04F79EFBC}") = "ReaderTest", "ReaderTest\ReaderTest.csproj", "{ADB892E6-76D7-4DDC-89DF-D7752D3B8494}"
EndProject
Project("{FAE04EC0-301F-11D3-BF4B-00C04F79EFBC}") = "Stream1", "Stream1\Stream1.csproj", "{5DCE96DB-5937-437C-9B1F-FA3353B310F8}"
EndProject
Project("{FAE04EC0-301F-11D3-BF4B-00C04F79EFBC}") = "StreamCompression", "StreamCompression\StreamCompression.csproj", "{D24AF4E3-060D-4D07-9D73-FDCCA40BBCB7}"
EndProject
Project("{FAE04EC0-301F-11D3-BF4B-00C04F79EFBC}") = "FilePermissions", "FilePermissions\FilePermissions.csproj", "{2112F793-E6B4-4214-9603-CC30D59BB5F2}"
EndProject
Project("{FAE04EC0-301F-11D3-BF4B-00C04F79EFBC}") = "Files", "Files\Files.csproj", "{838ABDC7-817B-4444-BFD1-F307A6EF9892}"
EndProject
Project("{2150E333-8FDC-42A3-9474-1A3956D46DE8}") = "Serialization", "Serialization", "{AC6BDEEC-8CC1-4BB8-947D-8CB7422E6801}"
EndProject
Project("{FAE04EC0-301F-11D3-BF4B-00C04F79EFBC}") = "DataContract", "DataContract\DataContract.csproj", "{3CD18EF3-DFD2-40C3-B70B-5A5EED8C5814}"
EndProject
Project("{FAE04EC0-301F-11D3-BF4B-00C04F79EFBC}") = "XmlSerialization", "XmlSerialization\XmlSerialization.csproj", "{28E9FD84-8E8A-4919-B457-A007ECE5FDCB}"
EndProject
Project("{FAE04EC0-301F-11D3-BF4B-00C04F79EFBC}") = "Reflection1", "Reflection1\Reflection1.csproj", "{9FF78412-D7D2-4539-B11D-590D28C15C07}"
EndProject
Global
	GlobalSection(SolutionConfigurationPlatforms) = preSolution
		Debug|Any CPU = Debug|Any CPU
		Release|Any CPU = Release|Any CPU
	EndGlobalSection
	GlobalSection(ProjectConfigurationPlatforms) = postSolution
		{83D7C57A-509D-4773-AC4E-786A914DE84B}.Debug|Any CPU.ActiveCfg = Debug|Any CPU
		{83D7C57A-509D-4773-AC4E-786A914DE84B}.Debug|Any CPU.Build.0 = Debug|Any CPU
		{83D7C57A-509D-4773-AC4E-786A914DE84B}.Release|Any CPU.ActiveCfg = Release|Any CPU
		{83D7C57A-509D-4773-AC4E-786A914DE84B}.Release|Any CPU.Build.0 = Release|Any CPU
		{FE8C7C14-F700-46FB-8522-E36D9D55F0A5}.Debug|Any CPU.ActiveCfg = Debug|Any CPU
		{FE8C7C14-F700-46FB-8522-E36D9D55F0A5}.Debug|Any CPU.Build.0 = Debug|Any CPU
		{FE8C7C14-F700-46FB-8522-E36D9D55F0A5}.Release|Any CPU.ActiveCfg = Release|Any CPU
		{FE8C7C14-F700-46FB-8522-E36D9D55F0A5}.Release|Any CPU.Build.0 = Release|Any CPU
		{B3A38957-707B-440B-A092-285B7DDE209A}.Debug|Any CPU.ActiveCfg = Debug|Any CPU
		{B3A38957-707B-440B-A092-285B7DDE209A}.Debug|Any CPU.Build.0 = Debug|Any CPU
		{B3A38957-707B-440B-A092-285B7DDE209A}.Release|Any CPU.ActiveCfg = Release|Any CPU
		{B3A38957-707B-440B-A092-285B7DDE209A}.Release|Any CPU.Build.0 = Release|Any CPU
		{0C897758-99C1-49A2-B9AF-26952B04C3C7}.Debug|Any CPU.ActiveCfg = Debug|Any CPU
		{0C897758-99C1-49A2-B9AF-26952B04C3C7}.Debug|Any CPU.Build.0 = Debug|Any CPU
		{0C897758-99C1-49A2-B9AF-26952B04C3C7}.Release|Any CPU.ActiveCfg = Release|Any CPU
		{0C897758-99C1-49A2-B9AF-26952B04C3C7}.Release|Any CPU.Build.0 = Release|Any CPU
		{D6BD8E63-F9FA-4E41-B1E2-F486A0C2CC54}.Debug|Any CPU.ActiveCfg = Debug|Any CPU
		{D6BD8E63-F9FA-4E41-B1E2-F486A0C2CC54}.Debug|Any CPU.Build.0 = Debug|Any CPU
		{D6BD8E63-F9FA-4E41-B1E2-F486A0C2CC54}.Release|Any CPU.ActiveCfg = Release|Any CPU
		{D6BD8E63-F9FA-4E41-B1E2-F486A0C2CC54}.Release|Any CPU.Build.0 = Release|Any CPU
		{BED222CD-D0AF-4B24-A3BF-C0E0D3098EC1}.Debug|Any CPU.ActiveCfg = Debug|Any CPU
		{BED222CD-D0AF-4B24-A3BF-C0E0D3098EC1}.Debug|Any CPU.Build.0 = Debug|Any CPU
		{BED222CD-D0AF-4B24-A3BF-C0E0D3098EC1}.Release|Any CPU.ActiveCfg = Release|Any CPU
		{BED222CD-D0AF-4B24-A3BF-C0E0D3098EC1}.Release|Any CPU.Build.0 = Release|Any CPU
		{4E7B0A18-830A-4CA9-AC90-24DFD718E67F}.Debug|Any CPU.ActiveCfg = Debug|Any CPU
		{4E7B0A18-830A-4CA9-AC90-24DFD718E67F}.Debug|Any CPU.Build.0 = Debug|Any CPU
		{4E7B0A18-830A-4CA9-AC90-24DFD718E67F}.Release|Any CPU.ActiveCfg = Release|Any CPU
		{4E7B0A18-830A-4CA9-AC90-24DFD718E67F}.Release|Any CPU.Build.0 = Release|Any CPU
		{B6ABBC7E-6CC7-40EB-818B-13E8507A3055}.Debug|Any CPU.ActiveCfg = Debug|Any CPU
		{B6ABBC7E-6CC7-40EB-818B-13E8507A3055}.Debug|Any CPU.Build.0 = Debug|Any CPU
		{B6ABBC7E-6CC7-40EB-818B-13E8507A3055}.Release|Any CPU.ActiveCfg = Release|Any CPU
		{B6ABBC7E-6CC7-40EB-818B-13E8507A3055}.Release|Any CPU.Build.0 = Release|Any CPU
		{85F0D258-DE2C-4D05-9978-86A95FD701F3}.Debug|Any CPU.ActiveCfg = Debug|Any CPU
		{85F0D258-DE2C-4D05-9978-86A95FD701F3}.Debug|Any CPU.Build.0 = Debug|Any CPU
		{85F0D258-DE2C-4D05-9978-86A95FD701F3}.Release|Any CPU.ActiveCfg = Release|Any CPU
		{85F0D258-DE2C-4D05-9978-86A95FD701F3}.Release|Any CPU.Build.0 = Release|Any CPU
		{5E51BD3D-ECE4-4235-B308-3634AC741246}.Debug|Any CPU.ActiveCfg = Debug|Any CPU
		{5E51BD3D-ECE4-4235-B308-3634AC741246}.Debug|Any CPU.Build.0 = Debug|Any CPU
		{5E51BD3D-ECE4-4235-B308-3634AC741246}.Release|Any CPU.ActiveCfg = Release|Any CPU
		{5E51BD3D-ECE4-4235-B308-3634AC741246}.Release|Any CPU.Build.0 = Release|Any CPU
		{38744A9A-7D11-452A-8265-EB48DADA9209}.Debug|Any CPU.ActiveCfg = Debug|Any CPU
		{38744A9A-7D11-452A-8265-EB48DADA9209}.Debug|Any CPU.Build.0 = Debug|Any CPU
		{38744A9A-7D11-452A-8265-EB48DADA9209}.Release|Any CPU.ActiveCfg = Release|Any CPU
		{38744A9A-7D11-452A-8265-EB48DADA9209}.Release|Any CPU.Build.0 = Release|Any CPU
		{43C4B978-C988-4E57-AB25-D31E55C7F0F6}.Debug|Any CPU.ActiveCfg = Debug|Any CPU
		{43C4B978-C988-4E57-AB25-D31E55C7F0F6}.Debug|Any CPU.Build.0 = Debug|Any CPU
		{43C4B978-C988-4E57-AB25-D31E55C7F0F6}.Release|Any CPU.ActiveCfg = Release|Any CPU
		{43C4B978-C988-4E57-AB25-D31E55C7F0F6}.Release|Any CPU.Build.0 = Release|Any CPU
		{49F54989-B566-40B0-9796-CC04A81C2932}.Debug|Any CPU.ActiveCfg = Debug|Any CPU
		{49F54989-B566-40B0-9796-CC04A81C2932}.Debug|Any CPU.Build.0 = Debug|Any CPU
		{49F54989-B566-40B0-9796-CC04A81C2932}.Release|Any CPU.ActiveCfg = Release|Any CPU
		{49F54989-B566-40B0-9796-CC04A81C2932}.Release|Any CPU.Build.0 = Release|Any CPU
		{716007B4-8467-41A4-BB6E-2464B9C0BB1E}.Debug|Any CPU.ActiveCfg = Debug|Any CPU
		{716007B4-8467-41A4-BB6E-2464B9C0BB1E}.Debug|Any CPU.Build.0 = Debug|Any CPU
		{716007B4-8467-41A4-BB6E-2464B9C0BB1E}.Release|Any CPU.ActiveCfg = Release|Any CPU
		{716007B4-8467-41A4-BB6E-2464B9C0BB1E}.Release|Any CPU.Build.0 = Release|Any CPU
		{FDF208D0-029C-4F7F-84C7-537DD85E0CEC}.Debug|Any CPU.ActiveCfg = Debug|Any CPU
		{FDF208D0-029C-4F7F-84C7-537DD85E0CEC}.Debug|Any CPU.Build.0 = Debug|Any CPU
		{FDF208D0-029C-4F7F-84C7-537DD85E0CEC}.Release|Any CPU.ActiveCfg = Release|Any CPU
		{FDF208D0-029C-4F7F-84C7-537DD85E0CEC}.Release|Any CPU.Build.0 = Release|Any CPU
		{D1F71686-EBF9-4D0E-BFD0-8DA185FFE98D}.Debug|Any CPU.ActiveCfg = Debug|Any CPU
		{D1F71686-EBF9-4D0E-BFD0-8DA185FFE98D}.Debug|Any CPU.Build.0 = Debug|Any CPU
		{D1F71686-EBF9-4D0E-BFD0-8DA185FFE98D}.Release|Any CPU.ActiveCfg = Release|Any CPU
		{D1F71686-EBF9-4D0E-BFD0-8DA185FFE98D}.Release|Any CPU.Build.0 = Release|Any CPU
		{0B787A78-4487-4308-AC87-661D9A39287B}.Debug|Any CPU.ActiveCfg = Debug|Any CPU
		{0B787A78-4487-4308-AC87-661D9A39287B}.Debug|Any CPU.Build.0 = Debug|Any CPU
		{0B787A78-4487-4308-AC87-661D9A39287B}.Release|Any CPU.ActiveCfg = Release|Any CPU
		{0B787A78-4487-4308-AC87-661D9A39287B}.Release|Any CPU.Build.0 = Release|Any CPU
		{0ED2877E-6BF9-4DC8-9C48-4E50222BD783}.Debug|Any CPU.ActiveCfg = Debug|Any CPU
		{0ED2877E-6BF9-4DC8-9C48-4E50222BD783}.Debug|Any CPU.Build.0 = Debug|Any CPU
		{0ED2877E-6BF9-4DC8-9C48-4E50222BD783}.Release|Any CPU.ActiveCfg = Release|Any CPU
		{0ED2877E-6BF9-4DC8-9C48-4E50222BD783}.Release|Any CPU.Build.0 = Release|Any CPU
		{90569BEC-F843-4D4E-A3AE-08035768E4C9}.Debug|Any CPU.ActiveCfg = Debug|Any CPU
		{90569BEC-F843-4D4E-A3AE-08035768E4C9}.Debug|Any CPU.Build.0 = Debug|Any CPU
		{90569BEC-F843-4D4E-A3AE-08035768E4C9}.Release|Any CPU.ActiveCfg = Release|Any CPU
		{90569BEC-F843-4D4E-A3AE-08035768E4C9}.Release|Any CPU.Build.0 = Release|Any CPU
		{CADF6A9A-30C3-4FDF-B291-3D43C9C48907}.Debug|Any CPU.ActiveCfg = Debug|Any CPU
		{CADF6A9A-30C3-4FDF-B291-3D43C9C48907}.Debug|Any CPU.Build.0 = Debug|Any CPU
		{CADF6A9A-30C3-4FDF-B291-3D43C9C48907}.Release|Any CPU.ActiveCfg = Release|Any CPU
		{CADF6A9A-30C3-4FDF-B291-3D43C9C48907}.Release|Any CPU.Build.0 = Release|Any CPU
		{224E8BEA-7198-4022-985A-E4F317D44E6C}.Debug|Any CPU.ActiveCfg = Debug|Any CPU
		{224E8BEA-7198-4022-985A-E4F317D44E6C}.Debug|Any CPU.Build.0 = Debug|Any CPU
		{224E8BEA-7198-4022-985A-E4F317D44E6C}.Release|Any CPU.ActiveCfg = Release|Any CPU
		{224E8BEA-7198-4022-985A-E4F317D44E6C}.Release|Any CPU.Build.0 = Release|Any CPU
		{B2917043-E868-4CB4-81B8-C52E7A342DC4}.Debug|Any CPU.ActiveCfg = Debug|Any CPU
		{B2917043-E868-4CB4-81B8-C52E7A342DC4}.Debug|Any CPU.Build.0 = Debug|Any CPU
		{B2917043-E868-4CB4-81B8-C52E7A342DC4}.Release|Any CPU.ActiveCfg = Release|Any CPU
		{B2917043-E868-4CB4-81B8-C52E7A342DC4}.Release|Any CPU.Build.0 = Release|Any CPU
		{3E20D9EF-5449-469F-98FB-3B712C228781}.Debug|Any CPU.ActiveCfg = Debug|Any CPU
		{3E20D9EF-5449-469F-98FB-3B712C228781}.Debug|Any CPU.Build.0 = Debug|Any CPU
		{3E20D9EF-5449-469F-98FB-3B712C228781}.Release|Any CPU.ActiveCfg = Release|Any CPU
		{3E20D9EF-5449-469F-98FB-3B712C228781}.Release|Any CPU.Build.0 = Release|Any CPU
		{21F46176-841B-4310-9616-8537B5F3B2F2}.Debug|Any CPU.ActiveCfg = Debug|Any CPU
		{21F46176-841B-4310-9616-8537B5F3B2F2}.Debug|Any CPU.Build.0 = Debug|Any CPU
		{21F46176-841B-4310-9616-8537B5F3B2F2}.Release|Any CPU.ActiveCfg = Release|Any CPU
		{21F46176-841B-4310-9616-8537B5F3B2F2}.Release|Any CPU.Build.0 = Release|Any CPU
		{EFE22D85-C380-4787-BD98-395E7953A37F}.Debug|Any CPU.ActiveCfg = Debug|Any CPU
		{EFE22D85-C380-4787-BD98-395E7953A37F}.Debug|Any CPU.Build.0 = Debug|Any CPU
		{EFE22D85-C380-4787-BD98-395E7953A37F}.Release|Any CPU.ActiveCfg = Release|Any CPU
		{EFE22D85-C380-4787-BD98-395E7953A37F}.Release|Any CPU.Build.0 = Release|Any CPU
		{ADB892E6-76D7-4DDC-89DF-D7752D3B8494}.Debug|Any CPU.ActiveCfg = Debug|Any CPU
		{ADB892E6-76D7-4DDC-89DF-D7752D3B8494}.Debug|Any CPU.Build.0 = Debug|Any CPU
		{ADB892E6-76D7-4DDC-89DF-D7752D3B8494}.Release|Any CPU.ActiveCfg = Release|Any CPU
		{ADB892E6-76D7-4DDC-89DF-D7752D3B8494}.Release|Any CPU.Build.0 = Release|Any CPU
		{5DCE96DB-5937-437C-9B1F-FA3353B310F8}.Debug|Any CPU.ActiveCfg = Debug|Any CPU
		{5DCE96DB-5937-437C-9B1F-FA3353B310F8}.Debug|Any CPU.Build.0 = Debug|Any CPU
		{5DCE96DB-5937-437C-9B1F-FA3353B310F8}.Release|Any CPU.ActiveCfg = Release|Any CPU
		{5DCE96DB-5937-437C-9B1F-FA3353B310F8}.Release|Any CPU.Build.0 = Release|Any CPU
		{D24AF4E3-060D-4D07-9D73-FDCCA40BBCB7}.Debug|Any CPU.ActiveCfg = Debug|Any CPU
		{D24AF4E3-060D-4D07-9D73-FDCCA40BBCB7}.Debug|Any CPU.Build.0 = Debug|Any CPU
		{D24AF4E3-060D-4D07-9D73-FDCCA40BBCB7}.Release|Any CPU.ActiveCfg = Release|Any CPU
		{D24AF4E3-060D-4D07-9D73-FDCCA40BBCB7}.Release|Any CPU.Build.0 = Release|Any CPU
		{2112F793-E6B4-4214-9603-CC30D59BB5F2}.Debug|Any CPU.ActiveCfg = Debug|Any CPU
		{2112F793-E6B4-4214-9603-CC30D59BB5F2}.Debug|Any CPU.Build.0 = Debug|Any CPU
		{2112F793-E6B4-4214-9603-CC30D59BB5F2}.Release|Any CPU.ActiveCfg = Release|Any CPU
		{2112F793-E6B4-4214-9603-CC30D59BB5F2}.Release|Any CPU.Build.0 = Release|Any CPU
		{838ABDC7-817B-4444-BFD1-F307A6EF9892}.Debug|Any CPU.ActiveCfg = Debug|Any CPU
		{838ABDC7-817B-4444-BFD1-F307A6EF9892}.Debug|Any CPU.Build.0 = Debug|Any CPU
		{838ABDC7-817B-4444-BFD1-F307A6EF9892}.Release|Any CPU.ActiveCfg = Release|Any CPU
		{838ABDC7-817B-4444-BFD1-F307A6EF9892}.Release|Any CPU.Build.0 = Release|Any CPU
		{3CD18EF3-DFD2-40C3-B70B-5A5EED8C5814}.Debug|Any CPU.ActiveCfg = Debug|Any CPU
		{3CD18EF3-DFD2-40C3-B70B-5A5EED8C5814}.Debug|Any CPU.Build.0 = Debug|Any CPU
		{3CD18EF3-DFD2-40C3-B70B-5A5EED8C5814}.Release|Any CPU.ActiveCfg = Release|Any CPU
		{3CD18EF3-DFD2-40C3-B70B-5A5EED8C5814}.Release|Any CPU.Build.0 = Release|Any CPU
		{28E9FD84-8E8A-4919-B457-A007ECE5FDCB}.Debug|Any CPU.ActiveCfg = Debug|Any CPU
		{28E9FD84-8E8A-4919-B457-A007ECE5FDCB}.Debug|Any CPU.Build.0 = Debug|Any CPU
		{28E9FD84-8E8A-4919-B457-A007ECE5FDCB}.Release|Any CPU.ActiveCfg = Release|Any CPU
		{28E9FD84-8E8A-4919-B457-A007ECE5FDCB}.Release|Any CPU.Build.0 = Release|Any CPU
		{9FF78412-D7D2-4539-B11D-590D28C15C07}.Debug|Any CPU.ActiveCfg = Debug|Any CPU
		{9FF78412-D7D2-4539-B11D-590D28C15C07}.Debug|Any CPU.Build.0 = Debug|Any CPU
		{9FF78412-D7D2-4539-B11D-590D28C15C07}.Release|Any CPU.ActiveCfg = Release|Any CPU
		{9FF78412-D7D2-4539-B11D-590D28C15C07}.Release|Any CPU.Build.0 = Release|Any CPU
	EndGlobalSection
	GlobalSection(SolutionProperties) = preSolution
		HideSolutionNode = FALSE
	EndGlobalSection
	GlobalSection(NestedProjects) = preSolution
		{0C897758-99C1-49A2-B9AF-26952B04C3C7} = {A2CE3620-2DF2-4139-A03B-D833211339EE}
		{D6BD8E63-F9FA-4E41-B1E2-F486A0C2CC54} = {A2CE3620-2DF2-4139-A03B-D833211339EE}
		{BED222CD-D0AF-4B24-A3BF-C0E0D3098EC1} = {A2CE3620-2DF2-4139-A03B-D833211339EE}
		{CADF6A9A-30C3-4FDF-B291-3D43C9C48907} = {DB6D8B27-F125-4DFC-9C24-222EB102428D}
		{224E8BEA-7198-4022-985A-E4F317D44E6C} = {DB6D8B27-F125-4DFC-9C24-222EB102428D}
		{B2917043-E868-4CB4-81B8-C52E7A342DC4} = {DB6D8B27-F125-4DFC-9C24-222EB102428D}
		{3E20D9EF-5449-469F-98FB-3B712C228781} = {DB6D8B27-F125-4DFC-9C24-222EB102428D}
		{21F46176-841B-4310-9616-8537B5F3B2F2} = {47E73C81-AAFD-4BA0-88E5-25B9FCDEDFBC}
		{EFE22D85-C380-4787-BD98-395E7953A37F} = {47E73C81-AAFD-4BA0-88E5-25B9FCDEDFBC}
		{ADB892E6-76D7-4DDC-89DF-D7752D3B8494} = {47E73C81-AAFD-4BA0-88E5-25B9FCDEDFBC}
		{3CD18EF3-DFD2-40C3-B70B-5A5EED8C5814} = {AC6BDEEC-8CC1-4BB8-947D-8CB7422E6801}
		{28E9FD84-8E8A-4919-B457-A007ECE5FDCB} = {AC6BDEEC-8CC1-4BB8-947D-8CB7422E6801}
	EndGlobalSection
EndGlobal
